Microsoft Visual Studio Solution File, Format Version 11.00
# Visual Studio 2008

Project("{68DFAFE7-3650-CB27-83B2-5412F870E687}") = "ARProject3", "Assembly-CSharp-firstpass.csproj", "{B077F275-7DAE-F9AB-8D4C-10BEE6DB7F8C}"
EndProject
Project("{68DFAFE7-3650-CB27-83B2-5412F870E687}") = "ARProject3", "Assembly-CSharp.csproj", "{D6815039-84F8-6519-2F6D-3C055CA37D20}"
EndProject
Project("{68DFAFE7-3650-CB27-83B2-5412F870E687}") = "ARProject3", "Assembly-CSharp-Editor-firstpass.csproj", "{18451A9B-4F1E-98E2-598D-BA6C128CAC1C}"
EndProject
Project("{68DFAFE7-3650-CB27-83B2-5412F870E687}") = "ARProject3", "Assembly-CSharp-Editor.csproj", "{DAAAB978-96D0-BA22-62D2-D782A64FFDED}"
EndProject
Global
	GlobalSection(SolutionConfigurationPlatforms) = preSolution
		Debug|Any CPU = Debug|Any CPU
		Release|Any CPU = Release|Any CPU
	EndGlobalSection
	GlobalSection(ProjectConfigurationPlatforms) = postSolution
		{B077F275-7DAE-F9AB-8D4C-10BEE6DB7F8C}.Debug|Any CPU.ActiveCfg = Debug|Any CPU
		{B077F275-7DAE-F9AB-8D4C-10BEE6DB7F8C}.Debug|Any CPU.Build.0 = Debug|Any CPU
		{B077F275-7DAE-F9AB-8D4C-10BEE6DB7F8C}.Release|Any CPU.ActiveCfg = Release|Any CPU
		{B077F275-7DAE-F9AB-8D4C-10BEE6DB7F8C}.Release|Any CPU.Build.0 = Release|Any CPU
		{D6815039-84F8-6519-2F6D-3C055CA37D20}.Debug|Any CPU.ActiveCfg = Debug|Any CPU
		{D6815039-84F8-6519-2F6D-3C055CA37D20}.Debug|Any CPU.Build.0 = Debug|Any CPU
		{D6815039-84F8-6519-2F6D-3C055CA37D20}.Release|Any CPU.ActiveCfg = Release|Any CPU
		{D6815039-84F8-6519-2F6D-3C055CA37D20}.Release|Any CPU.Build.0 = Release|Any CPU
		{18451A9B-4F1E-98E2-598D-BA6C128CAC1C}.Debug|Any CPU.ActiveCfg = Debug|Any CPU
		{18451A9B-4F1E-98E2-598D-BA6C128CAC1C}.Debug|Any CPU.Build.0 = Debug|Any CPU
		{18451A9B-4F1E-98E2-598D-BA6C128CAC1C}.Release|Any CPU.ActiveCfg = Release|Any CPU
		{18451A9B-4F1E-98E2-598D-BA6C128CAC1C}.Release|Any CPU.Build.0 = Release|Any CPU
		{DAAAB978-96D0-BA22-62D2-D782A64FFDED}.Debug|Any CPU.ActiveCfg = Debug|Any CPU
		{DAAAB978-96D0-BA22-62D2-D782A64FFDED}.Debug|Any CPU.Build.0 = Debug|Any CPU
		{DAAAB978-96D0-BA22-62D2-D782A64FFDED}.Release|Any CPU.ActiveCfg = Release|Any CPU
		{DAAAB978-96D0-BA22-62D2-D782A64FFDED}.Release|Any CPU.Build.0 = Release|Any CPU
	EndGlobalSection
	GlobalSection(SolutionProperties) = preSolution
		HideSolutionNode = FALSE
	EndGlobalSection
	GlobalSection(MonoDevelopProperties) = preSolution
		StartupItem = Assembly-CSharp.csproj
	EndGlobalSection
EndGlobal
